
Microsoft Visual Studio Solution File, Format Version 12.00
# Visual Studio Version 16
VisualStudioVersion = 16.0.32630.194
MinimumVisualStudioVersion = 10.0.40219.1
Project("{FAE04EC0-301F-11D3-BF4B-00C04F79EFBC}") = "CapaPresentacion", "CapaPresentacion\CapaPresentacion.csproj", "{833AE1FC-511A-4AC1-BEE5-9FCCFBFF9E12}"
EndProject
Project("{FAE04EC0-301F-11D3-BF4B-00C04F79EFBC}") = "CapaLogicaNegocio", "CapaLogicaNegocio\CapaLogicaNegocio.csproj", "{CBF526C0-4AA2-47AF-B2C9-708AB5AAEC3C}"
EndProject
Project("{FAE04EC0-301F-11D3-BF4B-00C04F79EFBC}") = "CapaAccesoDatos", "CapaAccesoDatos\CapaAccesoDatos.csproj", "{B51FCE98-A63E-4F81-A430-F4333E094E3A}"
EndProject
Project("{FAE04EC0-301F-11D3-BF4B-00C04F79EFBC}") = "CapaEntidad", "CapaEntidad\CapaEntidad.csproj", "{729538D3-837A-47D3-BC76-1CEE2ED2B227}"
EndProject
Global
	GlobalSection(SolutionConfigurationPlatforms) = preSolution
		Debug|Any CPU = Debug|Any CPU
		Release|Any CPU = Release|Any CPU
	EndGlobalSection
	GlobalSection(ProjectConfigurationPlatforms) = postSolution
		{833AE1FC-511A-4AC1-BEE5-9FCCFBFF9E12}.Debug|Any CPU.ActiveCfg = Debug|Any CPU
		{833AE1FC-511A-4AC1-BEE5-9FCCFBFF9E12}.Debug|Any CPU.Build.0 = Debug|Any CPU
		{833AE1FC-511A-4AC1-BEE5-9FCCFBFF9E12}.Release|Any CPU.ActiveCfg = Release|Any CPU
		{833AE1FC-511A-4AC1-BEE5-9FCCFBFF9E12}.Release|Any CPU.Build.0 = Release|Any CPU
		{CBF526C0-4AA2-47AF-B2C9-708AB5AAEC3C}.Debug|Any CPU.ActiveCfg = Debug|Any CPU
		{CBF526C0-4AA2-47AF-B2C9-708AB5AAEC3C}.Debug|Any CPU.Build.0 = Debug|Any CPU
		{CBF526C0-4AA2-47AF-B2C9-708AB5AAEC3C}.Release|Any CPU.ActiveCfg = Release|Any CPU
		{CBF526C0-4AA2-47AF-B2C9-708AB5AAEC3C}.Release|Any CPU.Build.0 = Release|Any CPU
		{B51FCE98-A63E-4F81-A430-F4333E094E3A}.Debug|Any CPU.ActiveCfg = Debug|Any CPU
		{B51FCE98-A63E-4F81-A430-F4333E094E3A}.Debug|Any CPU.Build.0 = Debug|Any CPU
		{B51FCE98-A63E-4F81-A430-F4333E094E3A}.Release|Any CPU.ActiveCfg = Release|Any CPU
		{B51FCE98-A63E-4F81-A430-F4333E094E3A}.Release|Any CPU.Build.0 = Release|Any CPU
		{729538D3-837A-47D3-BC76-1CEE2ED2B227}.Debug|Any CPU.ActiveCfg = Debug|Any CPU
		{729538D3-837A-47D3-BC76-1CEE2ED2B227}.Debug|Any CPU.Build.0 = Debug|Any CPU
		{729538D3-837A-47D3-BC76-1CEE2ED2B227}.Release|Any CPU.ActiveCfg = Release|Any CPU
		{729538D3-837A-47D3-BC76-1CEE2ED2B227}.Release|Any CPU.Build.0 = Release|Any CPU
	EndGlobalSection
	GlobalSection(SolutionProperties) = preSolution
		HideSolutionNode = FALSE
	EndGlobalSection
	GlobalSection(ExtensibilityGlobals) = postSolution
		SolutionGuid = {0517C140-1D77-4B28-B50C-2B944BF1D89A}
	EndGlobalSection
EndGlobal
